
Microsoft Visual Studio Solution File, Format Version 12.00
# Visual Studio 15
VisualStudioVersion = 15.0.28010.2036
MinimumVisualStudioVersion = 10.0.40219.1
Project("{9A19103F-16F7-4668-BE54-9A1E7A4F7556}") = "Sudoku", "Sudoku\Sudoku.csproj", "{9F91DB92-EB9A-4A2E-8C69-984FB3DBC423}"
EndProject
Global
	GlobalSection(SolutionConfigurationPlatforms) = preSolution
		Debug|Any CPU = Debug|Any CPU
		Release|Any CPU = Release|Any CPU
	EndGlobalSection
	GlobalSection(ProjectConfigurationPlatforms) = postSolution
		{9F91DB92-EB9A-4A2E-8C69-984FB3DBC423}.Debug|Any CPU.ActiveCfg = Debug|Any CPU
		{9F91DB92-EB9A-4A2E-8C69-984FB3DBC423}.Debug|Any CPU.Build.0 = Debug|Any CPU
		{9F91DB92-EB9A-4A2E-8C69-984FB3DBC423}.Release|Any CPU.ActiveCfg = Release|Any CPU
		{9F91DB92-EB9A-4A2E-8C69-984FB3DBC423}.Release|Any CPU.Build.0 = Release|Any CPU
	EndGlobalSection
	GlobalSection(SolutionProperties) = preSolution
		HideSolutionNode = FALSE
	EndGlobalSection
	GlobalSection(ExtensibilityGlobals) = postSolution
		SolutionGuid = {07369386-1A04-41A6-99D3-867383E51C4D}
	EndGlobalSection
EndGlobal
